// !$*UTF8*$!
{
	archiveVersion = 1;
	classes = {
	};
	objectVersion = 46;
	objects = {

/* Begin PBXBuildFile section */
		3D07F4E01F3C551800113F98 /* RGProgressHUD.swift in Sources */ = {isa = PBXBuildFile; fileRef = 3D07F4DC1F3C551800113F98 /* RGProgressHUD.swift */; };
		3D07F4E11F3C551800113F98 /* RGProgressHUD+Internal.swift in Sources */ = {isa = PBXBuildFile; fileRef = 3D07F4DD1F3C551800113F98 /* RGProgressHUD+Internal.swift */; };
		3D07F4E21F3C551800113F98 /* RGProgressHUDAppearance.swift in Sources */ = {isa = PBXBuildFile; fileRef = 3D07F4DE1F3C551800113F98 /* RGProgressHUDAppearance.swift */; };
		3D07F4E31F3C551800113F98 /* RGProgressHUDMode.swift in Sources */ = {isa = PBXBuildFile; fileRef = 3D07F4DF1F3C551800113F98 /* RGProgressHUDMode.swift */; };
		3D8A9AFC1F364873004971E2 /* AppDelegate.swift in Sources */ = {isa = PBXBuildFile; fileRef = 3D8A9AFB1F364873004971E2 /* AppDelegate.swift */; };
		3D8A9AFE1F364873004971E2 /* ViewController.swift in Sources */ = {isa = PBXBuildFile; fileRef = 3D8A9AFD1F364873004971E2 /* ViewController.swift */; };
		3D8A9B011F364873004971E2 /* Main.storyboard in Resources */ = {isa = PBXBuildFile; fileRef = 3D8A9AFF1F364873004971E2 /* Main.storyboard */; };
		3D8A9B031F364873004971E2 /* Assets.xcassets in Resources */ = {isa = PBXBuildFile; fileRef = 3D8A9B021F364873004971E2 /* Assets.xcassets */; };
		3D8A9B061F364873004971E2 /* LaunchScreen.storyboard in Resources */ = {isa = PBXBuildFile; fileRef = 3D8A9B041F364873004971E2 /* LaunchScreen.storyboard */; };
		C8B5E12455F64674266759AC /* Pods_RGProgressHUD.framework in Frameworks */ = {isa = PBXBuildFile; fileRef = 938F17E212A93FDF260CF616 /* Pods_RGProgressHUD.framework */; };
/* End PBXBuildFile section */

/* Begin PBXFileReference section */
		0344B93D9D6214BD08A57D90 /* Pods-RGProgressHUD.debug.xcconfig */ = {isa = PBXFileReference; includeInIndex = 1; lastKnownFileType = text.xcconfig; name = "Pods-RGProgressHUD.debug.xcconfig"; path = "Pods/Target Support Files/Pods-RGProgressHUD/Pods-RGProgressHUD.debug.xcconfig"; sourceTree = "<group>"; };
		3D07F4DC1F3C551800113F98 /* RGProgressHUD.swift */ = {isa = PBXFileReference; fileEncoding = 4; lastKnownFileType = sourcecode.swift; name = RGProgressHUD.swift; path = Source/RGProgressHUD.swift; sourceTree = "<group>"; };
		3D07F4DD1F3C551800113F98 /* RGProgressHUD+Internal.swift */ = {isa = PBXFileReference; fileEncoding = 4; lastKnownFileType = sourcecode.swift; name = "RGProgressHUD+Internal.swift"; path = "Source/RGProgressHUD+Internal.swift"; sourceTree = "<group>"; };
		3D07F4DE1F3C551800113F98 /* RGProgressHUDAppearance.swift */ = {isa = PBXFileReference; fileEncoding = 4; lastKnownFileType = sourcecode.swift; name = RGProgressHUDAppearance.swift; path = Source/RGProgressHUDAppearance.swift; sourceTree = "<group>"; };
		3D07F4DF1F3C551800113F98 /* RGProgressHUDMode.swift */ = {isa = PBXFileReference; fileEncoding = 4; lastKnownFileType = sourcecode.swift; name = RGProgressHUDMode.swift; path = Source/RGProgressHUDMode.swift; sourceTree = "<group>"; };
		3D8A9AF81F364873004971E2 /* RGProgressHUD.app */ = {isa = PBXFileReference; explicitFileType = wrapper.application; includeInIndex = 0; path = RGProgressHUD.app; sourceTree = BUILT_PRODUCTS_DIR; };
		3D8A9AFB1F364873004971E2 /* AppDelegate.swift */ = {isa = PBXFileReference; lastKnownFileType = sourcecode.swift; path = AppDelegate.swift; sourceTree = "<group>"; };
		3D8A9AFD1F364873004971E2 /* ViewController.swift */ = {isa = PBXFileReference; lastKnownFileType = sourcecode.swift; path = ViewController.swift; sourceTree = "<group>"; };
		3D8A9B001F364873004971E2 /* Base */ = {isa = PBXFileReference; lastKnownFileType = file.storyboard; name = Base; path = Base.lproj/Main.storyboard; sourceTree = "<group>"; };
		3D8A9B021F364873004971E2 /* Assets.xcassets */ = {isa = PBXFileReference; lastKnownFileType = folder.assetcatalog; path = Assets.xcassets; sourceTree = "<group>"; };
		3D8A9B051F364873004971E2 /* Base */ = {isa = PBXFileReference; lastKnownFileType = file.storyboard; name = Base; path = Base.lproj/LaunchScreen.storyboard; sourceTree = "<group>"; };
		3D8A9B071F364873004971E2 /* Info.plist */ = {isa = PBXFileReference; lastKnownFileType = text.plist.xml; path = Info.plist; sourceTree = "<group>"; };
		938F17E212A93FDF260CF616 /* Pods_RGProgressHUD.framework */ = {isa = PBXFileReference; explicitFileType = wrapper.framework; includeInIndex = 0; path = Pods_RGProgressHUD.framework; sourceTree = BUILT_PRODUCTS_DIR; };
		B0529AE109FBB7782AC78DB2 /* Pods-RGProgressHUD.release.xcconfig */ = {isa = PBXFileReference; includeInIndex = 1; lastKnownFileType = text.xcconfig; name = "Pods-RGProgressHUD.release.xcconfig"; path = "Pods/Target Support Files/Pods-RGProgressHUD/Pods-RGProgressHUD.release.xcconfig"; sourceTree = "<group>"; };
/* End PBXFileReference section */

/* Begin PBXFrameworksBuildPhase section */
		3D8A9AF51F364873004971E2 /* Frameworks */ = {
			isa = PBXFrameworksBuildPhase;
			buildActionMask = 2147483647;
			files = (
				C8B5E12455F64674266759AC /* Pods_RGProgressHUD.framework in Frameworks */,
			);
			runOnlyForDeploymentPostprocessing = 0;
		};
/* End PBXFrameworksBuildPhase section */

/* Begin PBXGroup section */
		05A6582EAD6F5600591DCAE3 /* Pods */ = {
			isa = PBXGroup;
			children = (
				0344B93D9D6214BD08A57D90 /* Pods-RGProgressHUD.debug.xcconfig */,
				B0529AE109FBB7782AC78DB2 /* Pods-RGProgressHUD.release.xcconfig */,
			);
			name = Pods;
			sourceTree = "<group>";
		};
		292B7DBADD6408407BC3A88C /* Frameworks */ = {
			isa = PBXGroup;
			children = (
				938F17E212A93FDF260CF616 /* Pods_RGProgressHUD.framework */,
			);
			name = Frameworks;
			sourceTree = "<group>";
		};
		3D07F4DB1F3C54EE00113F98 /* Source */ = {
			isa = PBXGroup;
			children = (
				3D07F4DC1F3C551800113F98 /* RGProgressHUD.swift */,
				3D07F4DD1F3C551800113F98 /* RGProgressHUD+Internal.swift */,
				3D07F4DE1F3C551800113F98 /* RGProgressHUDAppearance.swift */,
				3D07F4DF1F3C551800113F98 /* RGProgressHUDMode.swift */,
			);
			name = Source;
			sourceTree = "<group>";
		};
		3D8A9AEF1F364873004971E2 = {
			isa = PBXGroup;
			children = (
				3D8A9AF91F364873004971E2 /* Products */,
				3D07F4DB1F3C54EE00113F98 /* Source */,
				3D8A9AFA1F364873004971E2 /* RGProgressHUD */,
				05A6582EAD6F5600591DCAE3 /* Pods */,
				292B7DBADD6408407BC3A88C /* Frameworks */,
			);
			sourceTree = "<group>";
		};
		3D8A9AF91F364873004971E2 /* Products */ = {
			isa = PBXGroup;
			children = (
				3D8A9AF81F364873004971E2 /* RGProgressHUD.app */,
			);
			name = Products;
			sourceTree = "<group>";
		};
		3D8A9AFA1F364873004971E2 /* RGProgressHUD */ = {
			isa = PBXGroup;
			children = (
				3D8A9AFB1F364873004971E2 /* AppDelegate.swift */,
				3D8A9B021F364873004971E2 /* Assets.xcassets */,
				3D8A9B071F364873004971E2 /* Info.plist */,
				3D8A9B041F364873004971E2 /* LaunchScreen.storyboard */,
				3D8A9AFF1F364873004971E2 /* Main.storyboard */,
				3D8A9AFD1F364873004971E2 /* ViewController.swift */,
			);
			name = RGProgressHUD;
			path = RGProgressHud;
			sourceTree = "<group>";
		};
/* End PBXGroup section */

/* Begin PBXNativeTarget section */
		3D8A9AF71F364873004971E2 /* RGProgressHUD */ = {
			isa = PBXNativeTarget;
			buildConfigurationList = 3D8A9B0A1F364873004971E2 /* Build configuration list for PBXNativeTarget "RGProgressHUD" */;
			buildPhases = (
				BF7AFB1376CAFF53780B87E7 /* [CP] Check Pods Manifest.lock */,
				3D8A9AF41F364873004971E2 /* Sources */,
				3D8A9AF51F364873004971E2 /* Frameworks */,
				3D8A9AF61F364873004971E2 /* Resources */,
				E869926389B91CF92598D368 /* [CP] Embed Pods Frameworks */,
				8BDDAFE594FFF6F3124DC79A /* [CP] Copy Pods Resources */,
			);
			buildRules = (
			);
			dependencies = (
			);
			name = RGProgressHUD;
			productName = RGProgressHud;
			productReference = 3D8A9AF81F364873004971E2 /* RGProgressHUD.app */;
			productType = "com.apple.product-type.application";
		};
/* End PBXNativeTarget section */

/* Begin PBXProject section */
		3D8A9AF01F364873004971E2 /* Project object */ = {
			isa = PBXProject;
			attributes = {
				LastSwiftUpdateCheck = 0830;
				LastUpgradeCheck = 0830;
				ORGANIZATIONNAME = Ritesh;
				TargetAttributes = {
					3D8A9AF71F364873004971E2 = {
						CreatedOnToolsVersion = 8.3.3;
						DevelopmentTeam = G436LJ5F52;
						ProvisioningStyle = Automatic;
					};
				};
			};
			buildConfigurationList = 3D8A9AF31F364873004971E2 /* Build configuration list for PBXProject "RGProgressHUD" */;
			compatibilityVersion = "Xcode 3.2";
			developmentRegion = English;
			hasScannedForEncodings = 0;
			knownRegions = (
				en,
				Base,
			);
			mainGroup = 3D8A9AEF1F364873004971E2;
			productRefGroup = 3D8A9AF91F364873004971E2 /* Products */;
			projectDirPath = "";
			projectRoot = "";
			targets = (
				3D8A9AF71F364873004971E2 /* RGProgressHUD */,
			);
		};
/* End PBXProject section */

/* Begin PBXResourcesBuildPhase section */
		3D8A9AF61F364873004971E2 /* Resources */ = {
			isa = PBXResourcesBuildPhase;
			buildActionMask = 2147483647;
			files = (
				3D8A9B061F364873004971E2 /* LaunchScreen.storyboard in Resources */,
				3D8A9B031F364873004971E2 /* Assets.xcassets in Resources */,
				3D8A9B011F364873004971E2 /* Main.storyboard in Resources */,
			);
			runOnlyForDeploymentPostprocessing = 0;
		};
/* End PBXResourcesBuildPhase section */

/* Begin PBXShellScriptBuildPhase section */
		8BDDAFE594FFF6F3124DC79A /* [CP] Copy Pods Resources */ = {
			isa = PBXShellScriptBuildPhase;
			buildActionMask = 2147483647;
			files = (
			);
			inputPaths = (
			);
			name = "[CP] Copy Pods Resources";
			outputPaths = (
			);
			runOnlyForDeploymentPostprocessing = 0;
			shellPath = /bin/sh;
			shellScript = "\"${SRCROOT}/Pods/Target Support Files/Pods-RGProgressHUD/Pods-RGProgressHUD-resources.sh\"\n";
			showEnvVarsInLog = 0;
		};
		BF7AFB1376CAFF53780B87E7 /* [CP] Check Pods Manifest.lock */ = {
			isa = PBXShellScriptBuildPhase;
			buildActionMask = 2147483647;
			files = (
			);
			inputPaths = (
			);
			name = "[CP] Check Pods Manifest.lock";
			outputPaths = (
			);
			runOnlyForDeploymentPostprocessing = 0;
			shellPath = /bin/sh;
			shellScript = "diff \"${PODS_ROOT}/../Podfile.lock\" \"${PODS_ROOT}/Manifest.lock\" > /dev/null\nif [ $? != 0 ] ; then\n    # print error to STDERR\n    echo \"error: The sandbox is not in sync with the Podfile.lock. Run 'pod install' or update your CocoaPods installation.\" >&2\n    exit 1\nfi\n";
			showEnvVarsInLog = 0;
		};
		E869926389B91CF92598D368 /* [CP] Embed Pods Frameworks */ = {
			isa = PBXShellScriptBuildPhase;
			buildActionMask = 2147483647;
			files = (
			);
			inputPaths = (
			);
			name = "[CP] Embed Pods Frameworks";
			outputPaths = (
			);
			runOnlyForDeploymentPostprocessing = 0;
			shellPath = /bin/sh;
			shellScript = "\"${SRCROOT}/Pods/Target Support Files/Pods-RGProgressHUD/Pods-RGProgressHUD-frameworks.sh\"\n";
			showEnvVarsInLog = 0;
		};
/* End PBXShellScriptBuildPhase section */

/* Begin PBXSourcesBuildPhase section */
		3D8A9AF41F364873004971E2 /* Sources */ = {
			isa = PBXSourcesBuildPhase;
			buildActionMask = 2147483647;
			files = (
				3D8A9AFE1F364873004971E2 /* ViewController.swift in Sources */,
				3D07F4E21F3C551800113F98 /* RGProgressHUDAppearance.swift in Sources */,
				3D07F4E31F3C551800113F98 /* RGProgressHUDMode.swift in Sources */,
				3D07F4E01F3C551800113F98 /* RGProgressHUD.swift in Sources */,
				3D07F4E11F3C551800113F98 /* RGProgressHUD+Internal.swift in Sources */,
				3D8A9AFC1F364873004971E2 /* AppDelegate.swift in Sources */,
			);
			runOnlyForDeploymentPostprocessing = 0;
		};
/* End PBXSourcesBuildPhase section */

/* Begin PBXVariantGroup section */
		3D8A9AFF1F364873004971E2 /* Main.storyboard */ = {
			isa = PBXVariantGroup;
			children = (
				3D8A9B001F364873004971E2 /* Base */,
			);
			name = Main.storyboard;
			path = .;
			sourceTree = "<group>";
		};
		3D8A9B041F364873004971E2 /* LaunchScreen.storyboard */ = {
			isa = PBXVariantGroup;
			children = (
				3D8A9B051F364873004971E2 /* Base */,
			);
			name = LaunchScreen.storyboard;
			path = .;
			sourceTree = "<group>";
		};
/* End PBXVariantGroup section */

/* Begin XCBuildConfiguration section */
		3D8A9B081F364873004971E2 /* Debug */ = {
			isa = XCBuildConfiguration;
			buildSettings = {
				ALWAYS_SEARCH_USER_PATHS = NO;
				CLANG_ANALYZER_NONNULL = YES;
				CLANG_ANALYZER_NUMBER_OBJECT_CONVERSION = YES_AGGRESSIVE;
				CLANG_CXX_LANGUAGE_STANDARD = "gnu++0x";
				CLANG_CXX_LIBRARY = "libc++";
				CLANG_ENABLE_MODULES = YES;
				CLANG_ENABLE_OBJC_ARC = YES;
				CLANG_WARN_BOOL_CONVERSION = YES;
				CLANG_WARN_CONSTANT_CONVERSION = YES;
				CLANG_WARN_DIRECT_OBJC_ISA_USAGE = YES_ERROR;
				CLANG_WARN_DOCUMENTATION_COMMENTS = YES;
				CLANG_WARN_EMPTY_BODY = YES;
				CLANG_WARN_ENUM_CONVERSION = YES;
				CLANG_WARN_INFINITE_RECURSION = YES;
				CLANG_WARN_INT_CONVERSION = YES;
				CLANG_WARN_OBJC_ROOT_CLASS = YES_ERROR;
				CLANG_WARN_SUSPICIOUS_MOVE = YES;
				CLANG_WARN_UNREACHABLE_CODE = YES;
				CLANG_WARN__DUPLICATE_METHOD_MATCH = YES;
				"CODE_SIGN_IDENTITY[sdk=iphoneos*]" = "iPhone Developer";
				COPY_PHASE_STRIP = NO;
				DEBUG_INFORMATION_FORMAT = dwarf;
				ENABLE_STRICT_OBJC_MSGSEND = YES;
				ENABLE_TESTABILITY = YES;
				GCC_C_LANGUAGE_STANDARD = gnu99;
				GCC_DYNAMIC_NO_PIC = NO;
				GCC_NO_COMMON_BLOCKS = YES;
				GCC_OPTIMIZATION_LEVEL = 0;
				GCC_PREPROCESSOR_DEFINITIONS = (
					"DEBUG=1",
					"$(inherited)",
				);
				GCC_WARN_64_TO_32_BIT_CONVERSION = YES;
				GCC_WARN_ABOUT_RETURN_TYPE = YES_ERROR;
				GCC_WARN_UNDECLARED_SELECTOR = YES;
				GCC_WARN_UNINITIALIZED_AUTOS = YES_AGGRESSIVE;
				GCC_WARN_UNUSED_FUNCTION = YES;
				GCC_WARN_UNUSED_VARIABLE = YES;
				IPHONEOS_DEPLOYMENT_TARGET = 10.3;
				MTL_ENABLE_DEBUG_INFO = YES;
				ONLY_ACTIVE_ARCH = YES;
				SDKROOT = iphoneos;
				SWIFT_ACTIVE_COMPILATION_CONDITIONS = DEBUG;
				SWIFT_OPTIMIZATION_LEVEL = "-Onone";
			};
			name = Debug;
		};
		3D8A9B091F364873004971E2 /* Release */ = {
			isa = XCBuildConfiguration;
			buildSettings = {
				ALWAYS_SEARCH_USER_PATHS = NO;
				CLANG_ANALYZER_NONNULL = YES;
				CLANG_ANALYZER_NUMBER_OBJECT_CONVERSION = YES_AGGRESSIVE;
				CLANG_CXX_LANGUAGE_STANDARD = "gnu++0x";
				CLANG_CXX_LIBRARY = "libc++";
				CLANG_ENABLE_MODULES = YES;
				CLANG_ENABLE_OBJC_ARC = YES;
				CLANG_WARN_BOOL_CONVERSION = YES;
				CLANG_WARN_CONSTANT_CONVERSION = YES;
				CLANG_WARN_DIRECT_OBJC_ISA_USAGE = YES_ERROR;
				CLANG_WARN_DOCUMENTATION_COMMENTS = YES;
				CLANG_WARN_EMPTY_BODY = YES;
				CLANG_WARN_ENUM_CONVERSION = YES;
				CLANG_WARN_INFINITE_RECURSION = YES;
				CLANG_WARN_INT_CONVERSION = YES;
				CLANG_WARN_OBJC_ROOT_CLASS = YES_ERROR;
				CLANG_WARN_SUSPICIOUS_MOVE = YES;
				CLANG_WARN_UNREACHABLE_CODE = YES;
				CLANG_WARN__DUPLICATE_METHOD_MATCH = YES;
				"CODE_SIGN_IDENTITY[sdk=iphoneos*]" = "iPhone Developer";
				COPY_PHASE_STRIP = NO;
				DEBUG_INFORMATION_FORMAT = "dwarf-with-dsym";
				ENABLE_NS_ASSERTIONS = NO;
				ENABLE_STRICT_OBJC_MSGSEND = YES;
				GCC_C_LANGUAGE_STANDARD = gnu99;
				GCC_NO_COMMON_BLOCKS = YES;
				GCC_WARN_64_TO_32_BIT_CONVERSION = YES;
				GCC_WARN_ABOUT_RETURN_TYPE = YES_ERROR;
				GCC_WARN_UNDECLARED_SELECTOR = YES;
				GCC_WARN_UNINITIALIZED_AUTOS = YES_AGGRESSIVE;
				GCC_WARN_UNUSED_FUNCTION = YES;
				GCC_WARN_UNUSED_VARIABLE = YES;
				IPHONEOS_DEPLOYMENT_TARGET = 10.3;
				MTL_ENABLE_DEBUG_INFO = NO;
				SDKROOT = iphoneos;
				SWIFT_OPTIMIZATION_LEVEL = "-Owholemodule";
				VALIDATE_PRODUCT = YES;
			};
			name = Release;
		};
		3D8A9B0B1F364873004971E2 /* Debug */ = {
			isa = XCBuildConfiguration;
			baseConfigurationReference = 0344B93D9D6214BD08A57D90 /* Pods-RGProgressHUD.debug.xcconfig */;
			buildSettings = {
				ASSETCATALOG_COMPILER_APPICON_NAME = AppIcon;
				DEVELOPMENT_TEAM = G436LJ5F52;
				INFOPLIST_FILE = RGProgressHud/Info.plist;
				IPHONEOS_DEPLOYMENT_TARGET = 9.0;
				LD_RUNPATH_SEARCH_PATHS = "$(inherited) @executable_path/Frameworks";
				PRODUCT_BUNDLE_IDENTIFIER = com.Ritesh.RGProgressHUD;
				PRODUCT_NAME = "$(TARGET_NAME)";
				SWIFT_VERSION = 3.0;
			};
			name = Debug;
		};
		3D8A9B0C1F364873004971E2 /* Release */ = {
			isa = XCBuildConfiguration;
			baseConfigurationReference = B0529AE109FBB7782AC78DB2 /* Pods-RGProgressHUD.release.xcconfig */;
			buildSettings = {
				ASSETCATALOG_COMPILER_APPICON_NAME = AppIcon;
				DEVELOPMENT_TEAM = G436LJ5F52;
				INFOPLIST_FILE = RGProgressHud/Info.plist;
				IPHONEOS_DEPLOYMENT_TARGET = 9.0;
				LD_RUNPATH_SEARCH_PATHS = "$(inherited) @executable_path/Frameworks";
				PRODUCT_BUNDLE_IDENTIFIER = com.Ritesh.RGProgressHUD;
				PRODUCT_NAME = "$(TARGET_NAME)";
				SWIFT_VERSION = 3.0;
			};
			name = Release;
		};
/* End XCBuildConfiguration section */

/* Begin XCConfigurationList section */
		3D8A9AF31F364873004971E2 /* Build configuration list for PBXProject "RGProgressHUD" */ = {
			isa = XCConfigurationList;
			buildConfigurations = (
				3D8A9B081F364873004971E2 /* Debug */,
				3D8A9B091F364873004971E2 /* Release */,
			);
			defaultConfigurationIsVisible = 0;
			defaultConfigurationName = Release;
		};
		3D8A9B0A1F364873004971E2 /* Build configuration list for PBXNativeTarget "RGProgressHUD" */ = {
			isa = XCConfigurationList;
			buildConfigurations = (
				3D8A9B0B1F364873004971E2 /* Debug */,
				3D8A9B0C1F364873004971E2 /* Release */,
			);
			defaultConfigurationIsVisible = 0;
			defaultConfigurationName = Release;
		};
/* End XCConfigurationList section */
	};
	rootObject = 3D8A9AF01F364873004971E2 /* Project object */;
}
